
Microsoft Visual Studio Solution File, Format Version 12.00
# Visual Studio Version 16
VisualStudioVersion = 16.0.29306.81
MinimumVisualStudioVersion = 10.0.40219.1
Project("{FAE04EC0-301F-11D3-BF4B-00C04F79EFBC}") = "ByteBank.SistemaAgencia", "ByteBank.SistemaAgencia\ByteBank.SistemaAgencia.csproj", "{7974385B-6323-4DA2-90D3-13EAEA497DE1}"
EndProject
Project("{FAE04EC0-301F-11D3-BF4B-00C04F79EFBC}") = "ByteBank.Modelos", "ByteBank.Modelos\ByteBank.Modelos.csproj", "{043C32C6-21DD-42DF-8EBC-8CF65A07E76C}"
EndProject
Global
	GlobalSection(SolutionConfigurationPlatforms) = preSolution
		Debug|Any CPU = Debug|Any CPU
		Release|Any CPU = Release|Any CPU
	EndGlobalSection
	GlobalSection(ProjectConfigurationPlatforms) = postSolution
		{7974385B-6323-4DA2-90D3-13EAEA497DE1}.Debug|Any CPU.ActiveCfg = Debug|Any CPU
		{7974385B-6323-4DA2-90D3-13EAEA497DE1}.Debug|Any CPU.Build.0 = Debug|Any CPU
		{7974385B-6323-4DA2-90D3-13EAEA497DE1}.Release|Any CPU.ActiveCfg = Release|Any CPU
		{7974385B-6323-4DA2-90D3-13EAEA497DE1}.Release|Any CPU.Build.0 = Release|Any CPU
		{043C32C6-21DD-42DF-8EBC-8CF65A07E76C}.Debug|Any CPU.ActiveCfg = Debug|Any CPU
		{043C32C6-21DD-42DF-8EBC-8CF65A07E76C}.Debug|Any CPU.Build.0 = Debug|Any CPU
		{043C32C6-21DD-42DF-8EBC-8CF65A07E76C}.Release|Any CPU.ActiveCfg = Release|Any CPU
		{043C32C6-21DD-42DF-8EBC-8CF65A07E76C}.Release|Any CPU.Build.0 = Release|Any CPU
	EndGlobalSection
	GlobalSection(SolutionProperties) = preSolution
		HideSolutionNode = FALSE
	EndGlobalSection
	GlobalSection(ExtensibilityGlobals) = postSolution
		SolutionGuid = {B5301FC6-33A8-407E-B75E-3847E12F39D6}
	EndGlobalSection
EndGlobal
